
Microsoft Visual Studio Solution File, Format Version 12.00
# Visual Studio Version 16
VisualStudioVersion = 16.0.29503.13
MinimumVisualStudioVersion = 10.0.40219.1
Project("{9A19103F-16F7-4668-BE54-9A1E7A4F7556}") = "Test01.Web", "Test01.Web\Test01.Web.csproj", "{B26E5951-2CE3-4D7B-A292-E5C44CC63509}"
EndProject
Project("{9A19103F-16F7-4668-BE54-9A1E7A4F7556}") = "Test01.Service", "Test01.Service\Test01.Service.csproj", "{07AEF14B-923A-4F6F-98D0-8C5EBE01DBE3}"
EndProject
Project("{9A19103F-16F7-4668-BE54-9A1E7A4F7556}") = "Test01.Data", "Test01.Data\Test01.Data.csproj", "{E6DC533E-9A9E-496B-8DF9-D9565FAFD478}"
EndProject
Global
	GlobalSection(SolutionConfigurationPlatforms) = preSolution
		Debug|Any CPU = Debug|Any CPU
		Release|Any CPU = Release|Any CPU
	EndGlobalSection
	GlobalSection(ProjectConfigurationPlatforms) = postSolution
		{B26E5951-2CE3-4D7B-A292-E5C44CC63509}.Debug|Any CPU.ActiveCfg = Debug|Any CPU
		{B26E5951-2CE3-4D7B-A292-E5C44CC63509}.Debug|Any CPU.Build.0 = Debug|Any CPU
		{B26E5951-2CE3-4D7B-A292-E5C44CC63509}.Release|Any CPU.ActiveCfg = Release|Any CPU
		{B26E5951-2CE3-4D7B-A292-E5C44CC63509}.Release|Any CPU.Build.0 = Release|Any CPU
		{07AEF14B-923A-4F6F-98D0-8C5EBE01DBE3}.Debug|Any CPU.ActiveCfg = Debug|Any CPU
		{07AEF14B-923A-4F6F-98D0-8C5EBE01DBE3}.Debug|Any CPU.Build.0 = Debug|Any CPU
		{07AEF14B-923A-4F6F-98D0-8C5EBE01DBE3}.Release|Any CPU.ActiveCfg = Release|Any CPU
		{07AEF14B-923A-4F6F-98D0-8C5EBE01DBE3}.Release|Any CPU.Build.0 = Release|Any CPU
		{E6DC533E-9A9E-496B-8DF9-D9565FAFD478}.Debug|Any CPU.ActiveCfg = Debug|Any CPU
		{E6DC533E-9A9E-496B-8DF9-D9565FAFD478}.Debug|Any CPU.Build.0 = Debug|Any CPU
		{E6DC533E-9A9E-496B-8DF9-D9565FAFD478}.Release|Any CPU.ActiveCfg = Release|Any CPU
		{E6DC533E-9A9E-496B-8DF9-D9565FAFD478}.Release|Any CPU.Build.0 = Release|Any CPU
	EndGlobalSection
	GlobalSection(SolutionProperties) = preSolution
		HideSolutionNode = FALSE
	EndGlobalSection
	GlobalSection(ExtensibilityGlobals) = postSolution
		SolutionGuid = {79C6E875-E36E-4C0B-9AC7-2BB469346A77}
	EndGlobalSection
EndGlobal
